{
  "name": "example",
  "version": "1.0.0",
  "lockfileVersion": 2,
  "requires": true,
  "packages": {
    "": {
      "name": "example",
      "version": "1.0.0",
      "license": "ISC",
      "dependencies": {
        "workers-loki-logger": "0.1.15"
      },
      "devDependencies": {
        "@cloudflare/workers-types": "4.20230518.0",
        "typescript": "5.1.3"
      }
    },
    "node_modules/@cloudflare/workers-types": {
      "version": "4.20230518.0",
      "resolved": "https://registry.npmjs.org/@cloudflare/workers-types/-/workers-types-4.20230518.0.tgz",
      "integrity": "sha512-A0w1V+5SUawGaaPRlhFhSC/SCDT9oQG8TMoWOKFLA4qbqagELqEAFD4KySBIkeVOvCBLT1DZSYBMCxbXddl0kw==",
      "dev": true
    },
    "node_modules/typescript": {
      "version": "5.1.3",
      "resolved": "https://registry.npmjs.org/typescript/-/typescript-5.1.3.tgz",
      "integrity": "sha512-XH627E9vkeqhlZFQuL+UsyAXEnibT0kWR2FWONlr4sTjvxyJYnyefgrkyECLzM5NenmKzRAy2rR/OlYLA1HkZw==",
      "dev": true,
      "bin": {
        "tsc": "bin/tsc",
        "tsserver": "bin/tsserver"
      },
      "engines": {
        "node": ">=14.17"
      }
    },
    "node_modules/workers-loki-logger": {
      "version": "0.1.15",
      "resolved": "https://registry.npmjs.org/workers-loki-logger/-/workers-loki-logger-0.1.15.tgz",
      "integrity": "sha512-NYtNZXeevm4HHlFZkQTQMuQru1LoVVpEfc7LPZGJk03y2wru2/eXkp/6a9WVejilTWWa/x9nLM8TLY1UT18rig=="
    }
  },
  "dependencies": {
    "@cloudflare/workers-types": {
      "version": "4.20230518.0",
      "resolved": "https://registry.npmjs.org/@cloudflare/workers-types/-/workers-types-4.20230518.0.tgz",
      "integrity": "sha512-A0w1V+5SUawGaaPRlhFhSC/SCDT9oQG8TMoWOKFLA4qbqagELqEAFD4KySBIkeVOvCBLT1DZSYBMCxbXddl0kw==",
      "dev": true
    },
    "typescript": {
      "version": "5.1.3",
      "resolved": "https://registry.npmjs.org/typescript/-/typescript-5.1.3.tgz",
      "integrity": "sha512-XH627E9vkeqhlZFQuL+UsyAXEnibT0kWR2FWONlr4sTjvxyJYnyefgrkyECLzM5NenmKzRAy2rR/OlYLA1HkZw==",
      "dev": true
    },
    "workers-loki-logger": {
      "version": "0.1.15",
      "resolved": "https://registry.npmjs.org/workers-loki-logger/-/workers-loki-logger-0.1.15.tgz",
      "integrity": "sha512-NYtNZXeevm4HHlFZkQTQMuQru1LoVVpEfc7LPZGJk03y2wru2/eXkp/6a9WVejilTWWa/x9nLM8TLY1UT18rig=="
    }
  }
}
