{
  "name": "example",
  "version": "1.0.0",
  "lockfileVersion": 2,
  "requires": true,
  "packages": {
    "": {
      "name": "example",
      "version": "1.0.0",
      "license": "ISC",
      "dependencies": {
        "workers-loki-logger": "^0.1.7"
      },
      "devDependencies": {
        "@cloudflare/workers-types": "3.10.0"
      }
    },
    "node_modules/@cloudflare/workers-types": {
      "version": "3.10.0",
      "resolved": "https://registry.npmjs.org/@cloudflare/workers-types/-/workers-types-3.10.0.tgz",
      "integrity": "sha512-gn+H5Ps9yV1VYz8FJ08bMfXLW8ubNblRF9Z+m+0ctNMyl3CdoZmUfH1pMTxYE8SMUJbLxuNvpdlZhwLDoGFXaw==",
      "dev": true
    },
    "node_modules/workers-loki-logger": {
      "version": "0.1.7",
      "resolved": "https://registry.npmjs.org/workers-loki-logger/-/workers-loki-logger-0.1.7.tgz",
      "integrity": "sha512-7jqkz189Rfvt+avtTQoJevZTvf54ByiJeawI4OnxIU2ScErdVxxnxgMpNONljaQuyYCQg3gn7cUX2pSJLP0owg=="
    }
  },
  "dependencies": {
    "@cloudflare/workers-types": {
      "version": "3.10.0",
      "resolved": "https://registry.npmjs.org/@cloudflare/workers-types/-/workers-types-3.10.0.tgz",
      "integrity": "sha512-gn+H5Ps9yV1VYz8FJ08bMfXLW8ubNblRF9Z+m+0ctNMyl3CdoZmUfH1pMTxYE8SMUJbLxuNvpdlZhwLDoGFXaw==",
      "dev": true
    },
    "workers-loki-logger": {
      "version": "0.1.7",
      "resolved": "https://registry.npmjs.org/workers-loki-logger/-/workers-loki-logger-0.1.7.tgz",
      "integrity": "sha512-7jqkz189Rfvt+avtTQoJevZTvf54ByiJeawI4OnxIU2ScErdVxxnxgMpNONljaQuyYCQg3gn7cUX2pSJLP0owg=="
    }
  }
}
