{
  "name": "workers-loki-logger",
  "version": "0.1.15",
  "lockfileVersion": 2,
  "requires": true,
  "packages": {
    "": {
      "name": "workers-loki-logger",
      "version": "0.1.15",
      "license": "ISC",
      "devDependencies": {
        "@types/node": "18.17.11",
        "typescript": "5.3.3"
      }
    },
    "node_modules/@types/node": {
      "version": "18.17.11",
      "resolved": "https://registry.npmjs.org/@types/node/-/node-18.17.11.tgz",
      "integrity": "sha512-r3hjHPBu+3LzbGBa8DHnr/KAeTEEOrahkcL+cZc4MaBMTM+mk8LtXR+zw+nqfjuDZZzYTYgTcpHuP+BEQk069g==",
      "dev": true
    },
    "node_modules/typescript": {
      "version": "5.3.3",
      "resolved": "https://registry.npmjs.org/typescript/-/typescript-5.3.3.tgz",
      "integrity": "sha512-pXWcraxM0uxAS+tN0AG/BF2TyqmHO014Z070UsJ+pFvYuRSq8KH8DmWpnbXe0pEPDHXZV3FcAbJkijJ5oNEnWw==",
      "dev": true,
      "bin": {
        "tsc": "bin/tsc",
        "tsserver": "bin/tsserver"
      },
      "engines": {
        "node": ">=14.17"
      }
    }
  },
  "dependencies": {
    "@types/node": {
      "version": "18.17.11",
      "resolved": "https://registry.npmjs.org/@types/node/-/node-18.17.11.tgz",
      "integrity": "sha512-r3hjHPBu+3LzbGBa8DHnr/KAeTEEOrahkcL+cZc4MaBMTM+mk8LtXR+zw+nqfjuDZZzYTYgTcpHuP+BEQk069g==",
      "dev": true
    },
    "typescript": {
      "version": "5.3.3",
      "resolved": "https://registry.npmjs.org/typescript/-/typescript-5.3.3.tgz",
      "integrity": "sha512-pXWcraxM0uxAS+tN0AG/BF2TyqmHO014Z070UsJ+pFvYuRSq8KH8DmWpnbXe0pEPDHXZV3FcAbJkijJ5oNEnWw==",
      "dev": true
    }
  }
}
